
Microsoft Visual Studio Solution File, Format Version 12.00
# Visual Studio Version 16
VisualStudioVersion = 16.0.31729.503
MinimumVisualStudioVersion = 10.0.40219.1
Project("{FAE04EC0-301F-11D3-BF4B-00C04F79EFBC}") = "Midterm_Exam", "Midterm_Exam.csproj", "{03FC499D-704F-4591-A7DF-F6E0B6A0868C}"
EndProject
Global
	GlobalSection(SolutionConfigurationPlatforms) = preSolution
		Debug|Any CPU = Debug|Any CPU
		Release|Any CPU = Release|Any CPU
	EndGlobalSection
	GlobalSection(ProjectConfigurationPlatforms) = postSolution
		{03FC499D-704F-4591-A7DF-F6E0B6A0868C}.Debug|Any CPU.ActiveCfg = Debug|Any CPU
		{03FC499D-704F-4591-A7DF-F6E0B6A0868C}.Debug|Any CPU.Build.0 = Debug|Any CPU
		{03FC499D-704F-4591-A7DF-F6E0B6A0868C}.Release|Any CPU.ActiveCfg = Release|Any CPU
		{03FC499D-704F-4591-A7DF-F6E0B6A0868C}.Release|Any CPU.Build.0 = Release|Any CPU
	EndGlobalSection
	GlobalSection(SolutionProperties) = preSolution
		HideSolutionNode = FALSE
	EndGlobalSection
	GlobalSection(ExtensibilityGlobals) = postSolution
		SolutionGuid = {7C2D2BF3-73FE-4BEB-A8A2-C5F76D68CE7D}
	EndGlobalSection
EndGlobal
